
Microsoft Visual Studio Solution File, Format Version 12.00
# Visual Studio Version 16
VisualStudioVersion = 16.0.29411.108
MinimumVisualStudioVersion = 10.0.40219.1
Project("{9A19103F-16F7-4668-BE54-9A1E7A4F7556}") = "ToxicPredictor.Model", "ToxicPredictor.Model\ToxicPredictor.Model.csproj", "{3F892769-DA2D-4A97-B4F4-6201443C15C1}"
EndProject
Project("{9A19103F-16F7-4668-BE54-9A1E7A4F7556}") = "ToxicPredictor.ConsoleApp", "ToxicPredictor.ConsoleApp\ToxicPredictor.ConsoleApp.csproj", "{00188470-2515-414D-8026-62AD8918FFF9}"
EndProject
Project("{9A19103F-16F7-4668-BE54-9A1E7A4F7556}") = "ToxicPredictor.ModelRebuilder", "ToxicPredictor.ModelBuilder\ToxicPredictor.ModelRebuilder.csproj", "{A349AFC4-E476-4D5D-BCAB-699F42F70676}"
EndProject
Project("{FAE04EC0-301F-11D3-BF4B-00C04F79EFBC}") = "Sage.CRE300.InvoiceData", "Sage.CRE300.InvoiceData\Sage.CRE300.InvoiceData.csproj", "{93CBECCC-68D0-4D2D-95CD-58B10CC0917D}"
EndProject
Project("{FAE04EC0-301F-11D3-BF4B-00C04F79EFBC}") = "Sage.CRE300.InvoiceData.Tests", "Sage.CRE300.InvoiceData.Tests\Sage.CRE300.InvoiceData.Tests.csproj", "{BF683535-EC4A-4650-BE16-7ED5125910C3}"
EndProject
Global
	GlobalSection(SolutionConfigurationPlatforms) = preSolution
		Debug|Any CPU = Debug|Any CPU
		Debug|x86 = Debug|x86
		Release|Any CPU = Release|Any CPU
		Release|x86 = Release|x86
	EndGlobalSection
	GlobalSection(ProjectConfigurationPlatforms) = postSolution
		{3F892769-DA2D-4A97-B4F4-6201443C15C1}.Debug|Any CPU.ActiveCfg = Debug|Any CPU
		{3F892769-DA2D-4A97-B4F4-6201443C15C1}.Debug|Any CPU.Build.0 = Debug|Any CPU
		{3F892769-DA2D-4A97-B4F4-6201443C15C1}.Debug|x86.ActiveCfg = Debug|Any CPU
		{3F892769-DA2D-4A97-B4F4-6201443C15C1}.Debug|x86.Build.0 = Debug|Any CPU
		{3F892769-DA2D-4A97-B4F4-6201443C15C1}.Release|Any CPU.ActiveCfg = Release|Any CPU
		{3F892769-DA2D-4A97-B4F4-6201443C15C1}.Release|Any CPU.Build.0 = Release|Any CPU
		{3F892769-DA2D-4A97-B4F4-6201443C15C1}.Release|x86.ActiveCfg = Release|Any CPU
		{3F892769-DA2D-4A97-B4F4-6201443C15C1}.Release|x86.Build.0 = Release|Any CPU
		{00188470-2515-414D-8026-62AD8918FFF9}.Debug|Any CPU.ActiveCfg = Debug|Any CPU
		{00188470-2515-414D-8026-62AD8918FFF9}.Debug|Any CPU.Build.0 = Debug|Any CPU
		{00188470-2515-414D-8026-62AD8918FFF9}.Debug|x86.ActiveCfg = Debug|Any CPU
		{00188470-2515-414D-8026-62AD8918FFF9}.Debug|x86.Build.0 = Debug|Any CPU
		{00188470-2515-414D-8026-62AD8918FFF9}.Release|Any CPU.ActiveCfg = Release|Any CPU
		{00188470-2515-414D-8026-62AD8918FFF9}.Release|Any CPU.Build.0 = Release|Any CPU
		{00188470-2515-414D-8026-62AD8918FFF9}.Release|x86.ActiveCfg = Release|Any CPU
		{00188470-2515-414D-8026-62AD8918FFF9}.Release|x86.Build.0 = Release|Any CPU
		{A349AFC4-E476-4D5D-BCAB-699F42F70676}.Debug|Any CPU.ActiveCfg = Debug|Any CPU
		{A349AFC4-E476-4D5D-BCAB-699F42F70676}.Debug|Any CPU.Build.0 = Debug|Any CPU
		{A349AFC4-E476-4D5D-BCAB-699F42F70676}.Debug|x86.ActiveCfg = Debug|Any CPU
		{A349AFC4-E476-4D5D-BCAB-699F42F70676}.Debug|x86.Build.0 = Debug|Any CPU
		{A349AFC4-E476-4D5D-BCAB-699F42F70676}.Release|Any CPU.ActiveCfg = Release|Any CPU
		{A349AFC4-E476-4D5D-BCAB-699F42F70676}.Release|Any CPU.Build.0 = Release|Any CPU
		{A349AFC4-E476-4D5D-BCAB-699F42F70676}.Release|x86.ActiveCfg = Release|Any CPU
		{A349AFC4-E476-4D5D-BCAB-699F42F70676}.Release|x86.Build.0 = Release|Any CPU
		{93CBECCC-68D0-4D2D-95CD-58B10CC0917D}.Debug|Any CPU.ActiveCfg = Debug|Any CPU
		{93CBECCC-68D0-4D2D-95CD-58B10CC0917D}.Debug|Any CPU.Build.0 = Debug|Any CPU
		{93CBECCC-68D0-4D2D-95CD-58B10CC0917D}.Debug|x86.ActiveCfg = Debug|Any CPU
		{93CBECCC-68D0-4D2D-95CD-58B10CC0917D}.Debug|x86.Build.0 = Debug|Any CPU
		{93CBECCC-68D0-4D2D-95CD-58B10CC0917D}.Release|Any CPU.ActiveCfg = Release|Any CPU
		{93CBECCC-68D0-4D2D-95CD-58B10CC0917D}.Release|Any CPU.Build.0 = Release|Any CPU
		{93CBECCC-68D0-4D2D-95CD-58B10CC0917D}.Release|x86.ActiveCfg = Release|Any CPU
		{93CBECCC-68D0-4D2D-95CD-58B10CC0917D}.Release|x86.Build.0 = Release|Any CPU
		{BF683535-EC4A-4650-BE16-7ED5125910C3}.Debug|Any CPU.ActiveCfg = Debug|Any CPU
		{BF683535-EC4A-4650-BE16-7ED5125910C3}.Debug|Any CPU.Build.0 = Debug|Any CPU
		{BF683535-EC4A-4650-BE16-7ED5125910C3}.Debug|x86.ActiveCfg = Debug|Any CPU
		{BF683535-EC4A-4650-BE16-7ED5125910C3}.Debug|x86.Build.0 = Debug|Any CPU
		{BF683535-EC4A-4650-BE16-7ED5125910C3}.Release|Any CPU.ActiveCfg = Release|Any CPU
		{BF683535-EC4A-4650-BE16-7ED5125910C3}.Release|Any CPU.Build.0 = Release|Any CPU
		{BF683535-EC4A-4650-BE16-7ED5125910C3}.Release|x86.ActiveCfg = Release|Any CPU
		{BF683535-EC4A-4650-BE16-7ED5125910C3}.Release|x86.Build.0 = Release|Any CPU
	EndGlobalSection
	GlobalSection(SolutionProperties) = preSolution
		HideSolutionNode = FALSE
	EndGlobalSection
	GlobalSection(ExtensibilityGlobals) = postSolution
		SolutionGuid = {9FA0FF36-CE92-4357-99C6-8AAEBEA5F107}
	EndGlobalSection
EndGlobal
